
Microsoft Visual Studio Solution File, Format Version 12.00
# Visual Studio Version 17
VisualStudioVersion = 17.0.31903.59
MinimumVisualStudioVersion = 10.0.40219.1
Project("{FAE04EC0-301F-11D3-BF4B-00C04F79EFBC}") = "BlazingTrails.Client", "BlazingTrails.Client\BlazingTrails.Client.csproj", "{86454135-22E1-4EB5-8DB4-ED60BBCA27BC}"
EndProject
Project("{FAE04EC0-301F-11D3-BF4B-00C04F79EFBC}") = "BlazingTrails.Api", "BlazingTrails.Api\BlazingTrails.Api.csproj", "{2C67A45F-F442-4203-90DD-302FF93BDFC8}"
EndProject
Project("{FAE04EC0-301F-11D3-BF4B-00C04F79EFBC}") = "BlazingTrails.Shared", "BlazingTrails.Shared\BlazingTrails.Shared.csproj", "{2FF8B5D2-CF90-4376-94A8-61B782ED8A5F}"
EndProject
Global
	GlobalSection(SolutionConfigurationPlatforms) = preSolution
		Debug|Any CPU = Debug|Any CPU
		Release|Any CPU = Release|Any CPU
	EndGlobalSection
	GlobalSection(SolutionProperties) = preSolution
		HideSolutionNode = FALSE
	EndGlobalSection
	GlobalSection(ProjectConfigurationPlatforms) = postSolution
		{86454135-22E1-4EB5-8DB4-ED60BBCA27BC}.Debug|Any CPU.ActiveCfg = Debug|Any CPU
		{86454135-22E1-4EB5-8DB4-ED60BBCA27BC}.Debug|Any CPU.Build.0 = Debug|Any CPU
		{86454135-22E1-4EB5-8DB4-ED60BBCA27BC}.Release|Any CPU.ActiveCfg = Release|Any CPU
		{86454135-22E1-4EB5-8DB4-ED60BBCA27BC}.Release|Any CPU.Build.0 = Release|Any CPU
		{2C67A45F-F442-4203-90DD-302FF93BDFC8}.Debug|Any CPU.ActiveCfg = Debug|Any CPU
		{2C67A45F-F442-4203-90DD-302FF93BDFC8}.Debug|Any CPU.Build.0 = Debug|Any CPU
		{2C67A45F-F442-4203-90DD-302FF93BDFC8}.Release|Any CPU.ActiveCfg = Release|Any CPU
		{2C67A45F-F442-4203-90DD-302FF93BDFC8}.Release|Any CPU.Build.0 = Release|Any CPU
		{2FF8B5D2-CF90-4376-94A8-61B782ED8A5F}.Debug|Any CPU.ActiveCfg = Debug|Any CPU
		{2FF8B5D2-CF90-4376-94A8-61B782ED8A5F}.Debug|Any CPU.Build.0 = Debug|Any CPU
		{2FF8B5D2-CF90-4376-94A8-61B782ED8A5F}.Release|Any CPU.ActiveCfg = Release|Any CPU
		{2FF8B5D2-CF90-4376-94A8-61B782ED8A5F}.Release|Any CPU.Build.0 = Release|Any CPU
	EndGlobalSection
EndGlobal
